# THIS IS AN AUTOGENERATED FILE. DO NOT EDIT THIS FILE DIRECTLY.
# yarn lockfile v1


bootswatch@^4.4.1:
  version "4.4.1"
  resolved "https://registry.yarnpkg.com/bootswatch/-/bootswatch-4.4.1.tgz#f270618b4ebe07de8e1748acd88f104cc31bfec3"
  integrity sha512-Kx3z6+3Jpg9g6l/xZBCnc8d6KeJK0QawxCZWOomdcI5AuSZLZb+DoH5X9RJH+cOcSeMAxyzdIjkVUR01+Db5bQ==

moment@^2.24.0:
  version "2.24.0"
  resolved "https://registry.yarnpkg.com/moment/-/moment-2.24.0.tgz#0d055d53f5052aa653c9f6eb68bb5d12bf5c2b5b"
  integrity sha512-bV7f+6l2QigeBBZSM/6yTNq4P2fNpSWj/0e7jQcy87A8e7o2nAfP/34/2ky5Vw4B9S446EtIhodAzkFCcR4dQg==

react-moment@^0.9.7:
  version "0.9.7"
  resolved "https://registry.yarnpkg.com/react-moment/-/react-moment-0.9.7.tgz#ca570466595b1aa4f7619e62da18b3bb2de8b6f3"
  integrity sha512-ifzUrUGF6KRsUN2pRG5k56kO0mJBr8kRkWb0wNvtFIsBIxOuPxhUpL1YlXwpbQCbHq23hUu6A0VEk64HsFxk9g==
