# THIS IS AN AUTOGENERATED FILE. DO NOT EDIT THIS FILE DIRECTLY.
# yarn lockfile v1


bootswatch@^4.4.1:
  version "4.4.1"
  resolved "https://registry.yarnpkg.com/bootswatch/-/bootswatch-4.4.1.tgz#f270618b4ebe07de8e1748acd88f104cc31bfec3"
  integrity sha512-Kx3z6+3Jpg9g6l/xZBCnc8d6KeJK0QawxCZWOomdcI5AuSZLZb+DoH5X9RJH+cOcSeMAxyzdIjkVUR01+Db5bQ==
